{
    "_meta": {
        "hash": {
            "sha256": "b91f1bf220ab3093b6bf82258825c730ad43e710038e7836424f99727d5f670b"
        },
        "pipfile-spec": 6,
        "requires": {
            "python_version": "3.10"
        },
        "sources": [
            {
                "name": "pypi",
                "url": "https://pypi.org/simple",
                "verify_ssl": true
            }
        ]
    },
    "default": {
        "python-dotenv": {
            "hashes": [
                "sha256:b7e3b04a59693c42c36f9ab1cc2acc46fa5df8c78e178fc33a8d4cd05c8d498f",
                "sha256:d92a187be61fe482e4fd675b6d52200e7be63a12b724abbf931a40ce4fa92938"
            ],
            "index": "pypi",
            "version": "==0.20.0"
        },
        "schedule": {
            "hashes": [
                "sha256:617adce8b4bf38c360b781297d59918fbebfb2878f1671d189f4f4af5d0567a4",
                "sha256:e6ca13585e62c810e13a08682e0a6a8ad245372e376ba2b8679294f377dfc8e4"
            ],
            "index": "pypi",
            "version": "==1.1.0"
        },
        "slack-sdk": {
            "hashes": [
                "sha256:128f3bb0b5b91454a3d5f140a61f3db370a0e1b50ffe0a8d9e9ebe0e894faed7",
                "sha256:e1fa26786169176e707676decc287fd9d3d547bbc43c0a1a4f99eb373b07da94"
            ],
            "index": "pypi",
            "version": "==3.15.2"
        }
    },
    "develop": {}
}
